#MicroXplorer Configuration settings - do not modify
Mcu.Family=STM32F4
RCC.PLLSourceVirtual=RCC_PLLSOURCE_HSE
ProjectManager.MainLocation=Core/Src
ProjectManager.ProjectFileName=F407_03.KEYBOARD.ioc
PH0-OSC_IN.Signal=RCC_OSC_IN
RCC.CortexFreq_Value=168000000
PG7.Locked=true
PG6.Signal=GPIO_Input
PG7.Signal=GPIO_Output
PG9.GPIOParameters=GPIO_Speed,GPIO_PuPd,GPIO_Label
ProjectManager.KeepUserCode=true
PA10.Mode=Asynchronous
Mcu.UserName=STM32F407ZGTx
Mcu.PinsNb=15
PG2.GPIO_PuPd=GPIO_PULLUP
ProjectManager.NoMain=false
PG3.Signal=GPIO_Output
PG9.GPIO_PuPd=GPIO_PULLDOWN
PG2.Signal=GPIO_Input
PG5.Locked=true
PG9.Locked=true
PG4.Signal=GPIO_Input
PG5.Signal=GPIO_Output
PG8.Signal=GPIO_Input
PG4.Locked=true
PG6.Locked=true
PG8.Locked=true
PG9.Signal=GPIO_Output
RCC.PLLCLKFreq_Value=168000000
PG2.Locked=true
PG3.Locked=true
PG6.GPIO_Label=Row2
RCC.PLLQCLKFreq_Value=84000000
PG3.GPIOParameters=GPIO_Speed,GPIO_PuPd,GPIO_Label
ProjectManager.functionlistsort=1-MX_GPIO_Init-GPIO-false-HAL-true,2-SystemClock_Config-RCC-false-HAL-false,3-MX_USART1_UART_Init-USART1-false-HAL-true
RCC.RTCFreq_Value=32000
ProjectManager.DefaultFWLocation=true
ProjectManager.DeletePrevious=true
PG9.GPIO_Speed=GPIO_SPEED_FREQ_HIGH
USART1.IPParameters=VirtualMode
RCC.APB1CLKDivider=RCC_HCLK_DIV4
PG5.GPIO_Label=Column2
PG2.GPIOParameters=GPIO_PuPd,GPIO_Label
PinOutPanel.RotationAngle=0
RCC.FamilyName=M
RCC.SYSCLKSource=RCC_SYSCLKSOURCE_PLLCLK
ProjectManager.StackSize=0x400
PG3.GPIO_PuPd=GPIO_PULLDOWN
PG8.GPIO_PuPd=GPIO_PULLUP
PG8.GPIO_Label=Row1
PA13.Signal=SYS_JTMS-SWDIO
RCC.FCLKCortexFreq_Value=168000000
NVIC.SVCall_IRQn=true\:0\:0\:false\:false\:true\:false\:false
Mcu.IP2=SYS
Mcu.IP3=USART1
Mcu.IP0=NVIC
PA9.Mode=Asynchronous
Mcu.IP1=RCC
Mcu.UserConstants=
ProjectManager.TargetToolchain=STM32CubeIDE
Mcu.ThirdPartyNb=0
RCC.HCLKFreq_Value=168000000
Mcu.IPNb=4
RCC.I2SClocksFreq_Value=192000000
ProjectManager.PreviousToolchain=
RCC.APB2TimFreq_Value=168000000
PA9.Signal=USART1_TX
RCC.VcooutputI2S=192000000
PG8.GPIOParameters=GPIO_PuPd,GPIO_Label
PG5.GPIO_PuPd=GPIO_PULLDOWN
Mcu.Pin6=PG6
Mcu.Pin7=PG7
ProjectManager.RegisterCallBack=
Mcu.Pin8=PG8
Mcu.Pin9=PA9
RCC.LSE_VALUE=32768
RCC.AHBFreq_Value=168000000
PH0-OSC_IN.Mode=HSE-External-Oscillator
Mcu.Pin0=PH0-OSC_IN
Mcu.Pin1=PH1-OSC_OUT
GPIO.groupedBy=Group By Peripherals
Mcu.Pin2=PG2
Mcu.Pin3=PG3
Mcu.Pin4=PG4
RCC.VCOI2SOutputFreq_Value=384000000
PG6.GPIOParameters=GPIO_PuPd,GPIO_Label
Mcu.Pin5=PG5
PG9.GPIO_Label=Column4
ProjectManager.ProjectBuild=false
RCC.HSE_VALUE=8000000
NVIC.UsageFault_IRQn=true\:0\:0\:false\:false\:true\:false\:false
NVIC.DebugMonitor_IRQn=true\:0\:0\:false\:false\:true\:false\:false
board=custom
RCC.VCOOutputFreq_Value=336000000
NVIC.SysTick_IRQn=true\:0\:0\:false\:false\:true\:false\:true
ProjectManager.LastFirmware=true
ProjectManager.FirmwarePackage=STM32Cube FW_F4 V1.26.1
MxDb.Version=DB.6.0.20
PG7.GPIO_Speed=GPIO_SPEED_FREQ_HIGH
RCC.APB2Freq_Value=84000000
PG6.GPIO_PuPd=GPIO_PULLUP
ProjectManager.BackupPrevious=false
MxCube.Version=6.2.0
RCC.VCOInputFreq_Value=2000000
PG4.GPIOParameters=GPIO_PuPd,GPIO_Label
PA14.Mode=Serial_Wire
PG7.GPIO_Label=Column3
File.Version=6
PG4.GPIO_Label=Row3
VP_SYS_VS_Systick.Mode=SysTick
RCC.EthernetFreq_Value=168000000
PH1-OSC_OUT.Signal=RCC_OSC_OUT
PG7.GPIO_PuPd=GPIO_PULLDOWN
NVIC.NonMaskableInt_IRQn=true\:0\:0\:false\:false\:true\:false\:false
NVIC.PendSV_IRQn=true\:0\:0\:false\:false\:true\:false\:false
PA13.Mode=Serial_Wire
ProjectManager.FreePins=false
RCC.IPParameters=48MHZClocksFreq_Value,AHBFreq_Value,APB1CLKDivider,APB1Freq_Value,APB1TimFreq_Value,APB2CLKDivider,APB2Freq_Value,APB2TimFreq_Value,CortexFreq_Value,EthernetFreq_Value,FCLKCortexFreq_Value,FamilyName,HCLKFreq_Value,HSE_VALUE,HSI_VALUE,I2SClocksFreq_Value,LSE_VALUE,LSI_VALUE,MCO2PinFreq_Value,PLLCLKFreq_Value,PLLM,PLLN,PLLQCLKFreq_Value,PLLSourceVirtual,RTCFreq_Value,RTCHSEDivFreq_Value,SYSCLKFreq_VALUE,SYSCLKSource,VCOI2SOutputFreq_Value,VCOInputFreq_Value,VCOOutputFreq_Value,VcooutputI2S
ProjectManager.AskForMigrate=true
Mcu.Name=STM32F407Z(E-G)Tx
ProjectManager.HalAssertFull=false
RCC.RTCHSEDivFreq_Value=4000000
ProjectManager.ProjectName=F407_03.KEYBOARD
ProjectManager.UnderRoot=true
ProjectManager.CoupleFile=true
PH1-OSC_OUT.Mode=HSE-External-Oscillator
RCC.48MHZClocksFreq_Value=84000000
RCC.MCO2PinFreq_Value=168000000
RCC.SYSCLKFreq_VALUE=168000000
Mcu.Package=LQFP144
NVIC.ForceEnableDMAVector=true
KeepUserPlacement=false
PG5.GPIOParameters=GPIO_Speed,GPIO_PuPd,GPIO_Label
NVIC.MemoryManagement_IRQn=true\:0\:0\:false\:false\:true\:false\:false
USART1.VirtualMode=VM_ASYNC
ProjectManager.CompilerOptimize=6
ProjectManager.ToolChainLocation=
RCC.LSI_VALUE=32000
VP_SYS_VS_Systick.Signal=SYS_VS_Systick
PG3.GPIO_Speed=GPIO_SPEED_FREQ_HIGH
PA10.Signal=USART1_RX
PA14.Signal=SYS_JTCK-SWCLK
ProjectManager.HeapSize=0x200
NVIC.HardFault_IRQn=true\:0\:0\:false\:false\:true\:false\:false
Mcu.Pin13=PG9
Mcu.Pin14=VP_SYS_VS_Systick
PG4.GPIO_PuPd=GPIO_PULLUP
ProjectManager.ComputerToolchain=false
RCC.HSI_VALUE=16000000
NVIC.PriorityGroup=NVIC_PRIORITYGROUP_4
RCC.APB2CLKDivider=RCC_HCLK_DIV2
Mcu.Pin11=PA13
Mcu.Pin12=PA14
RCC.PLLM=4
RCC.PLLN=168
Mcu.Pin10=PA10
RCC.APB1TimFreq_Value=84000000
NVIC.BusFault_IRQn=true\:0\:0\:false\:false\:true\:false\:false
PG3.GPIO_Label=Column1
PG5.GPIO_Speed=GPIO_SPEED_FREQ_HIGH
RCC.APB1Freq_Value=42000000
ProjectManager.CustomerFirmwarePackage=
ProjectManager.DeviceId=STM32F407ZGTx
PG7.GPIOParameters=GPIO_Speed,GPIO_PuPd,GPIO_Label
ProjectManager.LibraryCopy=1
PG2.GPIO_Label=Row4
isbadioc=false
