#MicroXplorer Configuration settings - do not modify
Mcu.Family=STM32F4
ProjectManager.MainLocation=Core/Src
SH.S_TIM4_CH2.ConfNb=1
PH0-OSC_IN.Signal=RCC_OSC_IN
USART2.IPParameters=VirtualMode
RCC.CortexFreq_Value=168000000
TIM2.Channel-Input_Capture1_from_TI1=TIM_CHANNEL_1
PG6.Signal=GPIO_Output
ProjectManager.KeepUserCode=true
Mcu.UserName=STM32F407ZGTx
SPI1.VirtualType=VM_MASTER
PG2.Signal=GPIO_Output
TIM1.IPParameters=Channel-Input_Capture1_from_TI1,Channel-Input_Capture2_from_TI2
PG4.Signal=GPIO_Output
PG8.Signal=GPIO_Output
PC10.Locked=true
PG4.Locked=true
PG6.Locked=true
PG8.Locked=true
RCC.PLLCLKFreq_Value=168000000
PC10.Signal=USART3_TX
PG2.Locked=true
PC12.Signal=UART5_TX
PG6.GPIO_Label=B_AIN2
RCC.PLLQCLKFreq_Value=84000000
PG3.GPIOParameters=GPIO_Label
ProjectManager.functionlistsort=1-MX_GPIO_Init-GPIO-false-HAL-true,2-MX_DMA_Init-DMA-false-HAL-true,3-SystemClock_Config-RCC-false-HAL-false,4-MX_I2C1_Init-I2C1-false-HAL-true,5-MX_I2C2_Init-I2C2-false-HAL-true,6-MX_TIM3_Init-TIM3-false-HAL-true,7-MX_TIM4_Init-TIM4-false-HAL-true,8-MX_USART1_UART_Init-USART1-false-HAL-true,9-MX_USART2_UART_Init-USART2-false-HAL-true,10-MX_USART3_UART_Init-USART3-false-HAL-true,11-MX_TIM5_Init-TIM5-false-HAL-true,12-MX_TIM2_Init-TIM2-false-HAL-true,13-MX_TIM8_Init-TIM8-false-HAL-true,14-MX_SPI1_Init-SPI1-false-HAL-true,15-MX_TIM1_Init-TIM1-false-HAL-true,16-MX_UART5_Init-UART5-false-HAL-true
SH.S_TIM5_CH2.0=TIM5_CH2,Input_Capture2_from_TI2
PE2.GPIO_Speed=GPIO_SPEED_FREQ_HIGH
RCC.RTCFreq_Value=32000
PF9.GPIO_Speed=GPIO_SPEED_FREQ_HIGH
PD6.Locked=true
PG14.GPIOParameters=GPIO_Label
SH.S_TIM1_CH1.ConfNb=1
USART1.IPParameters=VirtualMode
PG5.GPIO_Label=F_BIN2
PF10.GPIO_PuPd=GPIO_PULLUP
PG2.GPIOParameters=GPIO_Label
PinOutPanel.RotationAngle=0
TIM3.Channel-PWM\ Generation4\ CH4=TIM_CHANNEL_4
RCC.SYSCLKSource=RCC_SYSCLKSOURCE_PLLCLK
ProjectManager.StackSize=0x400
TIM4.Channel-Input_Capture1_from_TI1=TIM_CHANNEL_1
PD13.Signal=S_TIM4_CH2
Mcu.IP4=RCC
RCC.FCLKCortexFreq_Value=168000000
Mcu.IP5=SPI1
Mcu.IP2=I2C2
NVIC.SVCall_IRQn=true\:0\:0\:false\:false\:true\:false\:false
Mcu.IP3=NVIC
Mcu.IP0=DMA
Mcu.IP1=I2C1
PF9.Locked=true
Mcu.UserConstants=
SH.S_TIM3_CH2.ConfNb=1
Mcu.ThirdPartyNb=0
SPI1.Direction=SPI_DIRECTION_2LINES
RCC.HCLKFreq_Value=168000000
Mcu.IPNb=17
RCC.I2SClocksFreq_Value=192000000
TIM2.IPParameters=Channel-Input_Capture1_from_TI1,Channel-Input_Capture2_from_TI2
ProjectManager.PreviousToolchain=STM32CubeIDE
RCC.APB2TimFreq_Value=168000000
PF13.GPIO_Speed=GPIO_SPEED_FREQ_HIGH
PB6.Signal=I2C1_SCL
RCC.VcooutputI2S=192000000
PG8.GPIOParameters=GPIO_Label
PC7.Signal=S_TIM8_CH2
PB6.Mode=I2C
SPI1.CalculateBaudRate=656.25 KBits/s
Mcu.Pin6=PH0-OSC_IN
Mcu.Pin7=PH1-OSC_OUT
Mcu.Pin8=PA0-WKUP
Mcu.Pin9=PA1
PF10.GPIO_Label=LED1
RCC.AHBFreq_Value=168000000
PH0-OSC_IN.Mode=HSE-External-Oscillator
Dma.USART1_RX.0.Priority=DMA_PRIORITY_VERY_HIGH
Mcu.Pin0=PE2
Mcu.Pin1=PE3
PD5.Mode=Asynchronous
TIM3.Channel-PWM\ Generation1\ CH1=TIM_CHANNEL_1
TIM8.IPParameters=Channel-Input_Capture1_from_TI1,Channel-Input_Capture2_from_TI2
GPIO.groupedBy=Group By Peripherals
Mcu.Pin2=PF0
Mcu.Pin3=PF1
Mcu.Pin4=PF9
Mcu.Pin5=PF10
ProjectManager.ProjectBuild=false
RCC.HSE_VALUE=8000000
NVIC.UsageFault_IRQn=true\:0\:0\:false\:false\:true\:false\:false
NVIC.DebugMonitor_IRQn=true\:0\:0\:false\:false\:true\:false\:false
PA8.Locked=true
Mcu.IP10=TIM4
NVIC.SysTick_IRQn=true\:0\:0\:false\:false\:true\:false\:true
Mcu.IP12=TIM8
Mcu.IP11=TIM5
ProjectManager.FirmwarePackage=STM32Cube FW_F4 V1.26.1
MxDb.Version=DB.6.0.21
Mcu.IP14=USART1
PB4.Mode=Full_Duplex_Master
Mcu.IP13=UART5
Mcu.IP16=USART3
ProjectManager.BackupPrevious=false
Mcu.IP15=USART2
RCC.VCOInputFreq_Value=2000000
PA14.Mode=Serial_Wire
PB5.Mode=Full_Duplex_Master
File.Version=6
PG4.GPIO_Label=F_BIN1
PF10.Locked=true
PF13.Locked=true
PE3.GPIOParameters=GPIO_Label
SH.S_TIM4_CH2.0=TIM4_CH2,Input_Capture2_from_TI2
PE2.Signal=GPIO_Output
PE3.Locked=true
PB7.Signal=I2C1_SDA
PA8.Signal=S_TIM1_CH1
NVIC.PendSV_IRQn=true\:0\:0\:false\:false\:true\:false\:false
SH.S_TIM5_CH2.ConfNb=1
SH.S_TIM3_CH1.0=TIM3_CH1,PWM Generation1 CH1
Dma.USART1_RX.0.MemInc=DMA_MINC_ENABLE
TIM5.Channel-Input_Capture1_from_TI1=TIM_CHANNEL_1
Dma.RequestsNb=1
TIM1.Channel-Input_Capture2_from_TI2=TIM_CHANNEL_2
ProjectManager.HalAssertFull=false
SH.S_TIM8_CH1.ConfNb=1
ProjectManager.ProjectName=F407_SPI_OLED
PD7.GPIO_Label=B_BIN2
PH1-OSC_OUT.Mode=HSE-External-Oscillator
RCC.MCO2PinFreq_Value=168000000
Mcu.Package=LQFP144
PB1.Signal=S_TIM3_CH4
PA6.Signal=S_TIM3_CH1
PG5.GPIOParameters=GPIO_Label
USART2.VirtualMode=VM_ASYNC
PD12.Signal=S_TIM4_CH1
TIM2.Channel-Input_Capture2_from_TI2=TIM_CHANNEL_2
ProjectManager.ToolChainLocation=
RCC.LSI_VALUE=32000
VP_SYS_VS_Systick.Signal=SYS_VS_Systick
Dma.USART1_RX.0.RequestParameters=Instance,Direction,PeriphInc,MemInc,PeriphDataAlignment,MemDataAlignment,Mode,Priority,FIFOMode
USART3.IPParameters=VirtualMode
PA10.Signal=USART1_RX
PA15.Signal=S_TIM2_CH1_ETR
UART5.IPParameters=VirtualMode
PC11.Mode=Asynchronous
Dma.USART1_RX.0.FIFOMode=DMA_FIFOMODE_DISABLE
RCC.APB2CLKDivider=RCC_HCLK_DIV2
NVIC.DMA2_Stream2_IRQn=true\:0\:0\:false\:false\:true\:false\:true
SH.S_TIM4_CH1.0=TIM4_CH1,Input_Capture1_from_TI1
RCC.APB1TimFreq_Value=84000000
NVIC.BusFault_IRQn=true\:0\:0\:false\:false\:true\:false\:false
SH.S_TIM5_CH1.0=TIM5_CH1,Input_Capture1_from_TI1
Dma.USART1_RX.0.Mode=DMA_CIRCULAR
PF0.Signal=I2C2_SDA
PF9.GPIO_PuPd=GPIO_NOPULL
NVIC.USART1_IRQn=true\:0\:0\:false\:false\:true\:true\:true
PD6.Signal=USART2_RX
Dma.Request0=USART1_RX
SPI1.BaudRatePrescaler=SPI_BAUDRATEPRESCALER_128
PD5.Locked=true
PE2.GPIO_Label=OLED_Res
Dma.USART1_RX.0.Instance=DMA2_Stream2
ProjectManager.CustomerFirmwarePackage=
PB4.Signal=SPI1_MISO
PG2.GPIO_Label=F_AIN2
PA5.Mode=Full_Duplex_Master
RCC.PLLSourceVirtual=RCC_PLLSOURCE_HSE
SH.S_TIM4_CH1.ConfNb=1
ProjectManager.ProjectFileName=F407_SPI_OLED.ioc
PG7.Locked=true
PG7.Signal=GPIO_Output
TIM5.IPParameters=Channel-Input_Capture1_from_TI1,Channel-Input_Capture2_from_TI2
Dma.USART1_RX.0.PeriphDataAlignment=DMA_PDATAALIGN_BYTE
PA10.Mode=Asynchronous
Mcu.PinsNb=48
ProjectManager.NoMain=false
PC11.Locked=true
SPI1.IPParameters=VirtualType,Mode,Direction,CalculateBaudRate,BaudRatePrescaler
PG3.Signal=GPIO_Output
PG5.Locked=true
PG5.Signal=GPIO_Output
PC11.Signal=USART3_RX
PG3.Locked=true
PF10.GPIO_Speed=GPIO_SPEED_FREQ_HIGH
PC6.Signal=S_TIM8_CH1
PC10.Mode=Asynchronous
PA8.Stacked=true
PD7.Signal=GPIO_Output
TIM8.Channel-Input_Capture1_from_TI1=TIM_CHANNEL_1
ProjectManager.DefaultFWLocation=true
PD5.Signal=USART2_TX
ProjectManager.DeletePrevious=true
UART5.VirtualMode=Asynchronous
RCC.APB1CLKDivider=RCC_HCLK_DIV4
PD6.Mode=Asynchronous
SH.S_TIM3_CH3.0=TIM3_CH3,PWM Generation3 CH3
PF13.GPIO_Label=OLED_CS
PG14.Locked=true
SH.S_TIM2_CH1_ETR.ConfNb=1
TIM4.Channel-Input_Capture2_from_TI2=TIM_CHANNEL_2
SH.S_TIM8_CH2.0=TIM8_CH2,Input_Capture2_from_TI2
RCC.FamilyName=M
PA0-WKUP.Signal=S_TIM5_CH1
TIM5.Channel-Input_Capture2_from_TI2=TIM_CHANNEL_2
PG8.GPIO_Label=B_BIN1
PA13.Signal=SYS_JTMS-SWDIO
TIM3.Channel-PWM\ Generation3\ CH3=TIM_CHANNEL_3
PF1.Mode=I2C
SH.S_TIM2_CH2.0=TIM2_CH2,Input_Capture2_from_TI2
PA9.Mode=Asynchronous
SH.S_TIM1_CH1.0=TIM1_CH1,Input_Capture1_from_TI1
ProjectManager.TargetToolchain=STM32CubeIDE
TIM4.IPParameters=Channel-Input_Capture1_from_TI1,Channel-Input_Capture2_from_TI2
SH.S_TIM3_CH3.ConfNb=1
PF9.PinState=GPIO_PIN_SET
Dma.USART1_RX.0.Direction=DMA_PERIPH_TO_MEMORY
PA9.Signal=USART1_TX
SH.S_TIM2_CH2.ConfNb=1
PE2.GPIOParameters=GPIO_Speed,GPIO_PuPd,GPIO_Label
ProjectManager.RegisterCallBack=
PF9.GPIO_Label=LED0
PE11.Signal=S_TIM1_CH2
PD7.Locked=true
RCC.LSE_VALUE=32768
PA1.Signal=S_TIM5_CH2
Dma.USART1_RX.0.PeriphInc=DMA_PINC_DISABLE
Mcu.Pin46=PB7
SH.S_TIM1_CH2.ConfNb=1
Mcu.Pin47=VP_SYS_VS_Systick
RCC.VCOI2SOutputFreq_Value=384000000
PG6.GPIOParameters=GPIO_Label
PD2.Mode=Asynchronous
PE2.GPIO_PuPd=GPIO_PULLDOWN
PA5.Signal=SPI1_SCK
Mcu.Pin40=PD7
SH.S_TIM3_CH2.0=TIM3_CH2,PWM Generation2 CH2
PG14.Signal=GPIO_Output
Mcu.Pin41=PG14
SH.S_TIM8_CH1.0=TIM8_CH1,Input_Capture1_from_TI1
PC12.Mode=Asynchronous
Mcu.Pin44=PB5
Mcu.Pin45=PB6
Mcu.Pin42=PB3
board=custom
Mcu.Pin43=PB4
RCC.VCOOutputFreq_Value=336000000
ProjectManager.LastFirmware=true
PF13.GPIO_PuPd=GPIO_PULLDOWN
RCC.APB2Freq_Value=84000000
MxCube.Version=6.2.1
Mcu.Pin37=PD2
PG4.GPIOParameters=GPIO_Label
Mcu.Pin38=PD5
SH.S_TIM1_CH2.0=TIM1_CH2,Input_Capture2_from_TI2
Mcu.Pin35=PC11
Mcu.Pin36=PC12
SPI1.Mode=SPI_MODE_MASTER
PF10.Signal=GPIO_Output
PG7.GPIO_Label=B_AIN1
Mcu.Pin39=PD6
Mcu.Pin30=PA10
VP_SYS_VS_Systick.Mode=SysTick
RCC.EthernetFreq_Value=168000000
Mcu.Pin33=PA15
TIM3.IPParameters=Channel-PWM Generation1 CH1,Channel-PWM Generation2 CH2,Channel-PWM Generation3 CH3,Channel-PWM Generation4 CH4
PH1-OSC_OUT.Signal=RCC_OSC_OUT
Mcu.Pin34=PC10
Dma.USART1_RX.0.MemDataAlignment=DMA_MDATAALIGN_BYTE
Mcu.Pin31=PA13
Mcu.Pin32=PA14
NVIC.NonMaskableInt_IRQn=true\:0\:0\:false\:false\:true\:false\:false
PF13.Signal=GPIO_Output
PF1.Signal=I2C2_SCL
PA13.Mode=Serial_Wire
PG14.GPIO_Label=LED_BOARD
ProjectManager.FreePins=false
RCC.IPParameters=48MHZClocksFreq_Value,AHBFreq_Value,APB1CLKDivider,APB1Freq_Value,APB1TimFreq_Value,APB2CLKDivider,APB2Freq_Value,APB2TimFreq_Value,CortexFreq_Value,EthernetFreq_Value,FCLKCortexFreq_Value,FamilyName,HCLKFreq_Value,HSE_VALUE,HSI_VALUE,I2SClocksFreq_Value,LSE_VALUE,LSI_VALUE,MCO2PinFreq_Value,PLLCLKFreq_Value,PLLM,PLLN,PLLQCLKFreq_Value,PLLSourceVirtual,RTCFreq_Value,RTCHSEDivFreq_Value,SYSCLKFreq_VALUE,SYSCLKSource,VCOI2SOutputFreq_Value,VCOInputFreq_Value,VCOOutputFreq_Value,VcooutputI2S
ProjectManager.AskForMigrate=true
Mcu.Name=STM32F407Z(E-G)Tx
PF9.GPIOParameters=GPIO_Speed,PinState,GPIO_PuPd,GPIO_Label,GPIO_ModeDefaultOutputPP
Mcu.Pin26=PC6
Mcu.Pin27=PC7
RCC.RTCHSEDivFreq_Value=4000000
Mcu.Pin24=PG7
ProjectManager.UnderRoot=true
Mcu.Pin25=PG8
Mcu.IP8=TIM2
Mcu.IP9=TIM3
Mcu.Pin28=PA8
Mcu.IP6=SYS
Mcu.Pin29=PA9
Mcu.IP7=TIM1
ProjectManager.CoupleFile=true
RCC.48MHZClocksFreq_Value=84000000
PB3.Signal=S_TIM2_CH2
RCC.SYSCLKFreq_VALUE=168000000
Mcu.Pin22=PG5
PB5.Signal=SPI1_MOSI
Mcu.Pin23=PG6
Mcu.Pin20=PG3
Mcu.Pin21=PG4
NVIC.ForceEnableDMAVector=true
KeepUserPlacement=false
USART3.VirtualMode=VM_ASYNC
TIM1.Channel-Input_Capture1_from_TI1=TIM_CHANNEL_1
NVIC.MemoryManagement_IRQn=true\:0\:0\:false\:false\:true\:false\:false
USART1.VirtualMode=VM_ASYNC
ProjectManager.CompilerOptimize=6
PB7.Mode=I2C
SH.S_TIM2_CH1_ETR.0=TIM2_CH1,Input_Capture1_from_TI1
PA14.Signal=SYS_JTCK-SWCLK
ProjectManager.HeapSize=0x200
PF0.Mode=I2C
Mcu.Pin15=PF13
NVIC.HardFault_IRQn=true\:0\:0\:false\:false\:true\:false\:false
Mcu.Pin16=PE11
Mcu.Pin13=PB0
PF13.GPIOParameters=GPIO_Speed,GPIO_PuPd,GPIO_Label
Mcu.Pin14=PB1
PF10.GPIOParameters=GPIO_Speed,PinState,GPIO_PuPd,GPIO_Label
Mcu.Pin19=PG2
SH.S_TIM3_CH1.ConfNb=1
ProjectManager.ComputerToolchain=false
PF9.Signal=GPIO_Output
Mcu.Pin17=PD12
RCC.HSI_VALUE=16000000
Mcu.Pin18=PD13
PF9.GPIO_ModeDefaultOutputPP=GPIO_MODE_OUTPUT_PP
SH.S_TIM3_CH4.ConfNb=1
NVIC.PriorityGroup=NVIC_PRIORITYGROUP_4
Mcu.Pin11=PA6
TIM3.Channel-PWM\ Generation2\ CH2=TIM_CHANNEL_2
Mcu.Pin12=PA7
RCC.PLLM=4
RCC.PLLN=168
TIM8.Channel-Input_Capture2_from_TI2=TIM_CHANNEL_2
Mcu.Pin10=PA5
PE2.Locked=true
PE3.Signal=GPIO_Output
PE3.GPIO_Label=OLED_DC
PG3.GPIO_Label=F_AIN1
PD2.Signal=UART5_RX
RCC.APB1Freq_Value=42000000
PF10.PinState=GPIO_PIN_SET
PB0.Signal=S_TIM3_CH3
ProjectManager.DeviceId=STM32F407ZGTx
SH.S_TIM8_CH2.ConfNb=1
PG7.GPIOParameters=GPIO_Label
PD7.GPIOParameters=GPIO_Label
ProjectManager.LibraryCopy=1
SH.S_TIM5_CH1.ConfNb=1
SH.S_TIM3_CH4.0=TIM3_CH4,PWM Generation4 CH4
PA7.Signal=S_TIM3_CH2
isbadioc=false
