#MicroXplorer Configuration settings - do not modify
Mcu.Family=STM32F4
ProjectManager.MainLocation=Core/Src
FSMC.AddressSetupTime1=2
PH0-OSC_IN.Signal=RCC_OSC_IN
RCC.CortexFreq_Value=168000000
SH.FSMC_D1_DA1.0=FSMC_D1,16b-d1
ProjectManager.KeepUserCode=true
Mcu.UserName=STM32F407ZGTx
SH.FSMC_A6.0=FSMC_A6,A6_1
RCC.PLLCLKFreq_Value=168000000
SH.FSMC_NWE.0=FSMC_NWE,Lcd1
RCC.PLLQCLKFreq_Value=84000000
ProjectManager.functionlistsort=1-MX_GPIO_Init-GPIO-false-HAL-true,2-SystemClock_Config-RCC-false-HAL-false,3-MX_FSMC_Init-FSMC-false-HAL-true,4-MX_USART1_UART_Init-USART1-false-HAL-true
SH.FSMC_D0_DA0.0=FSMC_D0,16b-d1
RCC.RTCFreq_Value=32000
USART1.IPParameters=VirtualMode
PB15.Signal=GPIO_Output
PinOutPanel.RotationAngle=0
RCC.SYSCLKSource=RCC_SYSCLKSOURCE_PLLCLK
ProjectManager.StackSize=0x400
VP_TIM7_VS_ClockSourceINT.Mode=Enable_Timer
Mcu.IP4=TIM7
RCC.FCLKCortexFreq_Value=168000000
Mcu.IP5=USART1
NVIC.SVCall_IRQn=true\:0\:0\:false\:false\:true\:false\:false
Mcu.IP2=RCC
Mcu.IP3=SYS
Mcu.IP0=FSMC
Mcu.IP1=NVIC
Mcu.UserConstants=
Mcu.ThirdPartyNb=0
RCC.HCLKFreq_Value=168000000
Mcu.IPNb=6
RCC.I2SClocksFreq_Value=96000000
ProjectManager.PreviousToolchain=
PD4.Signal=FSMC_NOE
RCC.APB2TimFreq_Value=168000000
RCC.VcooutputI2S=96000000
PF12.Signal=FSMC_A6
Mcu.Pin6=PE8
PD0.Signal=FSMC_D2_DA2
TIM7.Period=10000-1
PD8.Signal=FSMC_D13_DA13
Mcu.Pin7=PE9
Mcu.Pin8=PE10
Mcu.Pin9=PE11
RCC.AHBFreq_Value=168000000
PH0-OSC_IN.Mode=HSE-External-Oscillator
Mcu.Pin0=PC14-OSC32_IN
Mcu.Pin1=PC15-OSC32_OUT
Mcu.Pin2=PH0-OSC_IN
Mcu.Pin3=PH1-OSC_OUT
SH.FSMC_D4_DA4.ConfNb=1
SH.FSMC_D12_DA12.ConfNb=1
Mcu.Pin4=PF12
Mcu.Pin5=PE7
ProjectManager.ProjectBuild=false
RCC.HSE_VALUE=25000000
NVIC.UsageFault_IRQn=true\:0\:0\:false\:false\:true\:false\:false
NVIC.DebugMonitor_IRQn=true\:0\:0\:false\:false\:true\:false\:false
NVIC.SysTick_IRQn=true\:0\:0\:false\:false\:true\:false\:true
SH.FSMC_D6_DA6.ConfNb=1
ProjectManager.FirmwarePackage=STM32Cube FW_F4 V1.26.1
MxDb.Version=DB.6.0.20
VP_TIM7_VS_ClockSourceINT.Signal=TIM7_VS_ClockSourceINT
SH.FSMC_NOE.ConfNb=1
PE13.Signal=FSMC_D10_DA10
ProjectManager.BackupPrevious=false
SH.FSMC_D14_DA14.0=FSMC_D14,16b-d1
PC14-OSC32_IN.Mode=LSE-External-Oscillator
SH.FSMC_D10_DA10.0=FSMC_D10,16b-d1
RCC.VCOInputFreq_Value=1000000
PE9.Signal=FSMC_D6_DA6
PA14.Mode=Serial_Wire
SH.FSMC_D6_DA6.0=FSMC_D6,16b-d1
File.Version=6
SH.FSMC_D9_DA9.ConfNb=1
NVIC.PendSV_IRQn=true\:0\:0\:false\:false\:true\:false\:false
PE10.Signal=FSMC_D7_DA7
SH.FSMC_D5_DA5.0=FSMC_D5,16b-d1
ProjectManager.HalAssertFull=false
ProjectManager.ProjectName=F407_02.LCD
SH.FSMC_D4_DA4.0=FSMC_D4,16b-d1
PH1-OSC_OUT.Mode=HSE-External-Oscillator
RCC.MCO2PinFreq_Value=168000000
Mcu.Package=LQFP144
SH.FSMC_D15_DA15.ConfNb=1
FSMC.IPParameters=ExtendedMode1,AddressSetupTime1,DataSetupTime1,ExtendedAddressSetupTime1,ExtendedDataSetupTime1
PB15.GPIO_PuPd=GPIO_PULLUP
ProjectManager.ToolChainLocation=
RCC.LSI_VALUE=32000
SH.FSMC_D13_DA13.0=FSMC_D13,16b-d1
SH.FSMC_D14_DA14.ConfNb=1
VP_SYS_VS_Systick.Signal=SYS_VS_Systick
PA10.Signal=USART1_RX
RCC.APB2CLKDivider=RCC_HCLK_DIV2
SH.FSMC_D3_DA3.0=FSMC_D3,16b-d1
RCC.APB1TimFreq_Value=84000000
NVIC.BusFault_IRQn=true\:0\:0\:false\:false\:true\:false\:false
SH.FSMC_D2_DA2.0=FSMC_D2,16b-d1
SH.FSMC_NWE.ConfNb=1
PE7.Signal=FSMC_D4_DA4
SH.FSMC_D7_DA7.ConfNb=1
PD15.Signal=FSMC_D1_DA1
NVIC.TIM7_IRQn=true\:0\:0\:false\:false\:true\:true\:true
ProjectManager.CustomerFirmwarePackage=
PB15.Locked=true
PG12.Signal=FSMC_NE4
RCC.PLLSourceVirtual=RCC_PLLSOURCE_HSE
FSMC.ExtendedAddressSetupTime1=0
PC15-OSC32_OUT.Mode=LSE-External-Oscillator
ProjectManager.ProjectFileName=F407_02.LCD.ioc
SH.FSMC_D12_DA12.0=FSMC_D12,16b-d1
PA10.Mode=Asynchronous
Mcu.PinsNb=31
ProjectManager.NoMain=false
FSMC.ExtendedMode1=FSMC_EXTENDED_MODE_ENABLE
PD1.Signal=FSMC_D3_DA3
SH.FSMC_D8_DA8.ConfNb=1
ProjectManager.DefaultFWLocation=true
SH.FSMC_D9_DA9.0=FSMC_D9,16b-d1
PD9.Signal=FSMC_D14_DA14
PD5.Signal=FSMC_NWE
SH.FSMC_D11_DA11.ConfNb=1
ProjectManager.DeletePrevious=true
RCC.APB1CLKDivider=RCC_HCLK_DIV4
PC14-OSC32_IN.Signal=RCC_OSC32_IN
RCC.FamilyName=M
SH.FSMC_D8_DA8.0=FSMC_D8,16b-d1
PD10.Signal=FSMC_D15_DA15
PA13.Signal=SYS_JTMS-SWDIO
SH.FSMC_D13_DA13.ConfNb=1
PA9.Mode=Asynchronous
ProjectManager.TargetToolchain=STM32CubeIDE
FSMC.DataSetupTime1=15
SH.FSMC_D5_DA5.ConfNb=1
PA9.Signal=USART1_TX
ProjectManager.RegisterCallBack=
PE11.Signal=FSMC_D8_DA8
PC15-OSC32_OUT.Signal=RCC_OSC32_OUT
RCC.VCOI2SOutputFreq_Value=192000000
SH.FSMC_D7_DA7.0=FSMC_D7,16b-d1
FSMC.ExtendedDataSetupTime1=3
TIM7.Prescaler=33600-1
board=custom
PG12.Mode=NorPsramChipSelect4_1
SH.FSMC_D0_DA0.ConfNb=1
RCC.VCOOutputFreq_Value=336000000
ProjectManager.LastFirmware=true
SH.FSMC_D3_DA3.ConfNb=1
RCC.APB2Freq_Value=84000000
PE14.Signal=FSMC_D11_DA11
PE15.Signal=FSMC_D12_DA12
TIM7.IPParameters=Prescaler,Period
MxCube.Version=6.2.0
PE8.Signal=FSMC_D5_DA5
PB15.GPIO_Speed=GPIO_SPEED_FREQ_HIGH
Mcu.Pin30=VP_TIM7_VS_ClockSourceINT
VP_SYS_VS_Systick.Mode=SysTick
RCC.EthernetFreq_Value=168000000
PH1-OSC_OUT.Signal=RCC_OSC_OUT
NVIC.NonMaskableInt_IRQn=true\:0\:0\:false\:false\:true\:false\:false
PB15.GPIOParameters=GPIO_Speed,GPIO_PuPd
PA13.Mode=Serial_Wire
ProjectManager.FreePins=false
RCC.IPParameters=48MHZClocksFreq_Value,AHBFreq_Value,APB1CLKDivider,APB1Freq_Value,APB1TimFreq_Value,APB2CLKDivider,APB2Freq_Value,APB2TimFreq_Value,CortexFreq_Value,EthernetFreq_Value,FCLKCortexFreq_Value,FamilyName,HCLKFreq_Value,HSE_VALUE,HSI_VALUE,I2SClocksFreq_Value,LSI_VALUE,MCO2PinFreq_Value,PLLCLKFreq_Value,PLLM,PLLN,PLLQCLKFreq_Value,PLLSourceVirtual,RTCFreq_Value,RTCHSEDivFreq_Value,SYSCLKFreq_VALUE,SYSCLKSource,VCOI2SOutputFreq_Value,VCOInputFreq_Value,VCOOutputFreq_Value,VcooutputI2S
ProjectManager.AskForMigrate=true
Mcu.Name=STM32F407Z(E-G)Tx
PE12.Signal=FSMC_D9_DA9
Mcu.Pin26=PD4
Mcu.Pin27=PD5
RCC.RTCHSEDivFreq_Value=12500000
Mcu.Pin24=PD0
ProjectManager.UnderRoot=true
Mcu.Pin25=PD1
PD14.Signal=FSMC_D0_DA0
Mcu.Pin28=PG12
Mcu.Pin29=VP_SYS_VS_Systick
ProjectManager.CoupleFile=true
RCC.48MHZClocksFreq_Value=84000000
RCC.SYSCLKFreq_VALUE=168000000
Mcu.Pin22=PA13
SH.FSMC_A6.ConfNb=1
Mcu.Pin23=PA14
Mcu.Pin20=PA9
Mcu.Pin21=PA10
NVIC.ForceEnableDMAVector=true
KeepUserPlacement=false
NVIC.MemoryManagement_IRQn=true\:0\:0\:false\:false\:true\:false\:false
USART1.VirtualMode=VM_ASYNC
ProjectManager.CompilerOptimize=6
SH.FSMC_D15_DA15.0=FSMC_D15,16b-d1
PA14.Signal=SYS_JTCK-SWCLK
ProjectManager.HeapSize=0x200
Mcu.Pin15=PD8
NVIC.HardFault_IRQn=true\:0\:0\:false\:false\:true\:false\:false
Mcu.Pin16=PD9
SH.FSMC_D11_DA11.0=FSMC_D11,16b-d1
Mcu.Pin13=PE15
Mcu.Pin14=PB15
Mcu.Pin19=PD15
SH.FSMC_NOE.0=FSMC_NOE,Lcd1
ProjectManager.ComputerToolchain=false
Mcu.Pin17=PD10
SH.FSMC_D2_DA2.ConfNb=1
RCC.HSI_VALUE=16000000
Mcu.Pin18=PD14
SH.FSMC_D1_DA1.ConfNb=1
NVIC.PriorityGroup=NVIC_PRIORITYGROUP_4
Mcu.Pin11=PE13
Mcu.Pin12=PE14
RCC.PLLM=25
RCC.PLLN=336
Mcu.Pin10=PE12
RCC.APB1Freq_Value=42000000
ProjectManager.DeviceId=STM32F407ZGTx
ProjectManager.LibraryCopy=1
SH.FSMC_D10_DA10.ConfNb=1
isbadioc=false
